lockfileVersion: '9.0'

settings:
  autoInstallPeers: true
  excludeLinksFromLockfile: false

importers:

  .:
    dependencies:
      undici:
        specifier: ^6.19.2
        version: 6.19.2

packages:

  undici@6.19.2:
    resolution: {integrity: sha512-JfjKqIauur3Q6biAtHJ564e3bWa8VvT+7cSiOJHFbX4Erv6CLGDpg8z+Fmg/1OI/47RA+GI2QZaF48SSaLvyBA==}
    engines: {node: '>=18.17'}

snapshots:

  undici@6.19.2: {}
